{
    "name": "arc-oauth-example",
    "version": "0.0.1",
    "lockfileVersion": 2,
    "requires": true,
    "packages": {
        "": {
            "name": "arc-oauth-example",
            "version": "0.0.1",
            "devDependencies": {
                "arc-plugin-oauth": "file:../"
            }
        },
        "..": {
            "version": "0.0.0",
            "dev": true,
            "dependencies": {
                "@architect/architect": "^10.0.2",
                "@architect/functions": "^5.0.3"
            },
            "devDependencies": {
                "@architect/eslint-config": "^2.0.1",
                "eslint": "^8.4.1",
                "eslint-config-prettier": "^8.3.0",
                "eslint-plugin-prettier": "^4.0.0",
                "prettier": "^2.5.1",
                "prettier-eslint": "^13.0.0",
                "tap-arc": "^0.1.1",
                "tape": "^5.3.2",
                "tiny-json-http": "^7.3.0"
            }
        },
        "node_modules/arc-plugin-oauth": {
            "resolved": "..",
            "link": true
        }
    },
    "dependencies": {
        "arc-plugin-oauth": {
            "version": "file:..",
            "requires": {
                "@architect/architect": "^10.0.2",
                "@architect/eslint-config": "^2.0.1",
                "@architect/functions": "^5.0.3",
                "eslint": "^8.4.1",
                "eslint-config-prettier": "^8.3.0",
                "eslint-plugin-prettier": "^4.0.0",
                "prettier": "^2.5.1",
                "prettier-eslint": "^13.0.0",
                "tap-arc": "^0.1.1",
                "tape": "^5.3.2",
                "tiny-json-http": "^7.3.0"
            }
        }
    }
}
